
Microsoft Visual Studio Solution File, Format Version 12.00
Project("{FAE04EC0-301F-11D3-BF4B-00C04F79EFBC}") = "MarshmallowPortal.Server", "MarshmallowPortal.Server\MarshmallowPortal.Server.csproj", "{0A74E315-231D-498C-A109-66271FE697FD}"
EndProject
Project("{FAE04EC0-301F-11D3-BF4B-00C04F79EFBC}") = "MarshmallowPortal.Shared", "MarshmallowPortal.Shared\MarshmallowPortal.Shared.csproj", "{5AB9879E-79DB-4BAD-B175-2CF13D27BB84}"
EndProject
Project("{FAE04EC0-301F-11D3-BF4B-00C04F79EFBC}") = "MarshmallowPortal.Client", "MarshmallowPortal.Client\MarshmallowPortal.Client.csproj", "{1D1F7C30-96E8-488E-B28F-339BC90CA382}"
EndProject
Project("{FAE04EC0-301F-11D3-BF4B-00C04F79EFBC}") = "MarshmallowPortal.OAuth2", "MarshmallowPortal.OAuth2\MarshmallowPortal.OAuth2.csproj", "{517232D9-0827-4FAD-B9A9-14AB834DF6A4}"
EndProject
Global
	GlobalSection(SolutionConfigurationPlatforms) = preSolution
		Debug|Any CPU = Debug|Any CPU
		Release|Any CPU = Release|Any CPU
	EndGlobalSection
	GlobalSection(ProjectConfigurationPlatforms) = postSolution
		{0A74E315-231D-498C-A109-66271FE697FD}.Debug|Any CPU.ActiveCfg = Debug|Any CPU
		{0A74E315-231D-498C-A109-66271FE697FD}.Debug|Any CPU.Build.0 = Debug|Any CPU
		{0A74E315-231D-498C-A109-66271FE697FD}.Release|Any CPU.ActiveCfg = Release|Any CPU
		{0A74E315-231D-498C-A109-66271FE697FD}.Release|Any CPU.Build.0 = Release|Any CPU
		{5AB9879E-79DB-4BAD-B175-2CF13D27BB84}.Debug|Any CPU.ActiveCfg = Debug|Any CPU
		{5AB9879E-79DB-4BAD-B175-2CF13D27BB84}.Debug|Any CPU.Build.0 = Debug|Any CPU
		{5AB9879E-79DB-4BAD-B175-2CF13D27BB84}.Release|Any CPU.ActiveCfg = Release|Any CPU
		{5AB9879E-79DB-4BAD-B175-2CF13D27BB84}.Release|Any CPU.Build.0 = Release|Any CPU
		{1D1F7C30-96E8-488E-B28F-339BC90CA382}.Debug|Any CPU.ActiveCfg = Debug|Any CPU
		{1D1F7C30-96E8-488E-B28F-339BC90CA382}.Debug|Any CPU.Build.0 = Debug|Any CPU
		{1D1F7C30-96E8-488E-B28F-339BC90CA382}.Release|Any CPU.ActiveCfg = Release|Any CPU
		{1D1F7C30-96E8-488E-B28F-339BC90CA382}.Release|Any CPU.Build.0 = Release|Any CPU
		{517232D9-0827-4FAD-B9A9-14AB834DF6A4}.Debug|Any CPU.ActiveCfg = Debug|Any CPU
		{517232D9-0827-4FAD-B9A9-14AB834DF6A4}.Debug|Any CPU.Build.0 = Debug|Any CPU
		{517232D9-0827-4FAD-B9A9-14AB834DF6A4}.Release|Any CPU.ActiveCfg = Release|Any CPU
		{517232D9-0827-4FAD-B9A9-14AB834DF6A4}.Release|Any CPU.Build.0 = Release|Any CPU
	EndGlobalSection
EndGlobal
